
Microsoft Visual Studio Solution File, Format Version 12.00
# Visual Studio 15
VisualStudioVersion = 15.0.28307.421
MinimumVisualStudioVersion = 10.0.40219.1
Project("{FAE04EC0-301F-11D3-BF4B-00C04F79EFBC}") = "Reflection_example", "Reflection_example\Reflection_example.csproj", "{9CE8BAD0-DE98-4DED-9FB5-2A49DAF0BB6E}"
EndProject
Project("{FAE04EC0-301F-11D3-BF4B-00C04F79EFBC}") = "Autofac_example", "Autofac_example\Autofac_example.csproj", "{0AC16991-BB73-4D05-A6D9-7AB20AE2E114}"
EndProject
Global
	GlobalSection(SolutionConfigurationPlatforms) = preSolution
		Debug|Any CPU = Debug|Any CPU
		Release|Any CPU = Release|Any CPU
	EndGlobalSection
	GlobalSection(ProjectConfigurationPlatforms) = postSolution
		{9CE8BAD0-DE98-4DED-9FB5-2A49DAF0BB6E}.Debug|Any CPU.ActiveCfg = Debug|Any CPU
		{9CE8BAD0-DE98-4DED-9FB5-2A49DAF0BB6E}.Debug|Any CPU.Build.0 = Debug|Any CPU
		{9CE8BAD0-DE98-4DED-9FB5-2A49DAF0BB6E}.Release|Any CPU.ActiveCfg = Release|Any CPU
		{9CE8BAD0-DE98-4DED-9FB5-2A49DAF0BB6E}.Release|Any CPU.Build.0 = Release|Any CPU
		{0AC16991-BB73-4D05-A6D9-7AB20AE2E114}.Debug|Any CPU.ActiveCfg = Debug|Any CPU
		{0AC16991-BB73-4D05-A6D9-7AB20AE2E114}.Debug|Any CPU.Build.0 = Debug|Any CPU
		{0AC16991-BB73-4D05-A6D9-7AB20AE2E114}.Release|Any CPU.ActiveCfg = Release|Any CPU
		{0AC16991-BB73-4D05-A6D9-7AB20AE2E114}.Release|Any CPU.Build.0 = Release|Any CPU
	EndGlobalSection
	GlobalSection(SolutionProperties) = preSolution
		HideSolutionNode = FALSE
	EndGlobalSection
	GlobalSection(ExtensibilityGlobals) = postSolution
		SolutionGuid = {746A80CC-2A8B-47A6-8846-BB3F6BB9A9CB}
	EndGlobalSection
EndGlobal
